<?xml version="1.0" encoding="UTF-8" standalone="yes" ?>
<CodeBlocks_project_file>
	<FileVersion major="1" minor="6" />
	<Project>
		<Option title="Prog_Ejem_1" />
		<Option pch_mode="2" />
		<Option compiler="gcc" />
		<Build>
			<Target title="Debug">
				<Option output="bin/Debug/Prog_Ejem_1" prefix_auto="1" extension_auto="1" />
				<Option object_output="obj/Debug/" />
				<Option type="1" />
				<Option compiler="gcc" />
				<Compiler>
					<Add option="-g" />
					<Add directory="include" />
				</Compiler>
			</Target>
			<Target title="Release">
				<Option output="bin/Release/Prog_Ejem_1" prefix_auto="1" extension_auto="1" />
				<Option object_output="obj/Release/" />
				<Option type="1" />
				<Option compiler="gcc" />
				<Compiler>
					<Add option="-O2" />
					<Add directory="include" />
				</Compiler>
				<Linker>
					<Add option="-s" />
				</Linker>
			</Target>
		</Build>
		<Compiler>
			<Add option="-Wall" />
		</Compiler>
		<Unit filename="asignatura.c">
			<Option compilerVar="CC" />
		</Unit>
		<Unit filename="asignatura.h" />
		<Unit filename="estructuras.h" />
		<Unit filename="fun_tipos.c">
			<Option compilerVar="CC" />
		</Unit>
		<Unit filename="fun_tipos.h" />
		<Unit filename="ges_alumnos.c">
			<Option compilerVar="CC" />
		</Unit>
		<Unit filename="ges_alumnos.h" />
		<Unit filename="include/Asignatura.h" />
		<Unit filename="include/ListaAsignaturas.h" />
		<Unit filename="includes.h" />
		<Unit filename="lista_asignaturas.c">
			<Option compilerVar="CC" />
		</Unit>
		<Unit filename="lista_asignaturas.h" />
		<Unit filename="main.c">
			<Option compilerVar="CC" />
		</Unit>
		<Unit filename="mem_dinam.c">
			<Option compilerVar="CC" />
		</Unit>
		<Unit filename="mem_dinam.h" />
		<Unit filename="src/Asignatura.cpp" />
		<Unit filename="src/ListaAsignaturas.cpp" />
		<Extensions>
			<code_completion />
			<envvars />
			<debugger />
			<lib_finder disable_auto="1" />
		</Extensions>
	</Project>
</CodeBlocks_project_file>
